
Microsoft Visual Studio Solution File, Format Version 12.00
# Visual Studio Version 18
VisualStudioVersion = 18.8.11918.235 insiders
MinimumVisualStudioVersion = 10.0.40219.1
Project("{8BC9CEB8-8B4A-11D0-8D11-00A0C91BC942}") = "Project2", "Project2\Project2.vcxproj", "{15137ED5-C19B-4AB9-BE6F-ED76FFADC2CF}"
EndProject
Project("{2150E333-8FDC-42A3-9474-1A3956D46DE8}") = "ソリューション項目", "ソリューション項目", "{8DA1C8E2-538A-479A-8C2B-83F388AF3F61}"
	ProjectSection(SolutionItems) = preProject
		CLAUDE.md = CLAUDE.md
	EndProjectSection
EndProject
Global
	GlobalSection(SolutionConfigurationPlatforms) = preSolution
		Debug|Win32 = Debug|Win32
		Debug|x64 = Debug|x64
		Release|Win32 = Release|Win32
		Release|x64 = Release|x64
	EndGlobalSection
	GlobalSection(ProjectConfigurationPlatforms) = postSolution
		{15137ED5-C19B-4AB9-BE6F-ED76FFADC2CF}.Debug|Win32.ActiveCfg = Debug|Win32
		{15137ED5-C19B-4AB9-BE6F-ED76FFADC2CF}.Debug|Win32.Build.0 = Debug|Win32
		{15137ED5-C19B-4AB9-BE6F-ED76FFADC2CF}.Debug|x64.ActiveCfg = Debug|x64
		{15137ED5-C19B-4AB9-BE6F-ED76FFADC2CF}.Debug|x64.Build.0 = Debug|x64
		{15137ED5-C19B-4AB9-BE6F-ED76FFADC2CF}.Release|Win32.ActiveCfg = Release|Win32
		{15137ED5-C19B-4AB9-BE6F-ED76FFADC2CF}.Release|Win32.Build.0 = Release|Win32
		{15137ED5-C19B-4AB9-BE6F-ED76FFADC2CF}.Release|x64.ActiveCfg = Release|x64
		{15137ED5-C19B-4AB9-BE6F-ED76FFADC2CF}.Release|x64.Build.0 = Release|x64
	EndGlobalSection
	GlobalSection(SolutionProperties) = preSolution
		HideSolutionNode = FALSE
	EndGlobalSection
	GlobalSection(ExtensibilityGlobals) = postSolution
		SolutionGuid = {CDE2A0E7-DD7B-44AF-97A2-36BA61881FBA}
	EndGlobalSection
EndGlobal
